<?xml version="1.0" encoding="utf-8"?>
<Project ToolsVersion="4.0" xmlns="http://schemas.microsoft.com/developer/msbuild/2003">
  <ItemGroup>
    <ClCompile Include="..\..\..\src\WebServer\WebServer.cpp" />
  </ItemGroup>
  <ItemGroup>
    <Filter Include="common">
      <UniqueIdentifier>{95676500-0b9c-48b1-8a4e-177ca4c77d5e}</UniqueIdentifier>
    </Filter>
    <Filter Include="common\asio_websocket">
      <UniqueIdentifier>{e2788900-1463-4460-abad-2a310ce11abe}</UniqueIdentifier>
    </Filter>
  </ItemGroup>
  <ItemGroup>
    <ClInclude Include="..\..\..\src\common\common.h">
      <Filter>common</Filter>
    </ClInclude>
    <ClInclude Include="..\..\..\src\common\asio_websocket\asio_websocket.h">
      <Filter>common\asio_websocket</Filter>
    </ClInclude>
    <ClInclude Include="..\..\..\src\common\asio_websocket\ws_base.h">
      <Filter>common\asio_websocket</Filter>
    </ClInclude>
    <ClInclude Include="..\..\..\src\common\asio_websocket\ws_config.h">
      <Filter>common\asio_websocket</Filter>
    </ClInclude>
    <ClInclude Include="..\..\..\src\common\asio_websocket\ws_ext.h">
      <Filter>common\asio_websocket</Filter>
    </ClInclude>
    <ClInclude Include="..\..\..\src\common\asio_websocket\ws_packer.h">
      <Filter>common\asio_websocket</Filter>
    </ClInclude>
  </ItemGroup>
</Project>